
Microsoft Visual Studio Solution File, Format Version 12.00
# Visual Studio Version 17
VisualStudioVersion = 17.9.34622.214
MinimumVisualStudioVersion = 10.0.40219.1
Project("{FAE04EC0-301F-11D3-BF4B-00C04F79EFBC}") = "app-minimarket", "app-minimarket\app-minimarket.csproj", "{817A42E6-B752-4A39-B8A5-A8682CD0797B}"
EndProject
Global
	GlobalSection(SolutionConfigurationPlatforms) = preSolution
		Debug|Any CPU = Debug|Any CPU
		Release|Any CPU = Release|Any CPU
	EndGlobalSection
	GlobalSection(ProjectConfigurationPlatforms) = postSolution
		{817A42E6-B752-4A39-B8A5-A8682CD0797B}.Debug|Any CPU.ActiveCfg = Debug|Any CPU
		{817A42E6-B752-4A39-B8A5-A8682CD0797B}.Debug|Any CPU.Build.0 = Debug|Any CPU
		{817A42E6-B752-4A39-B8A5-A8682CD0797B}.Release|Any CPU.ActiveCfg = Release|Any CPU
		{817A42E6-B752-4A39-B8A5-A8682CD0797B}.Release|Any CPU.Build.0 = Release|Any CPU
	EndGlobalSection
	GlobalSection(SolutionProperties) = preSolution
		HideSolutionNode = FALSE
	EndGlobalSection
	GlobalSection(ExtensibilityGlobals) = postSolution
		SolutionGuid = {7AB409AD-7BC4-452C-AF3C-4094B8A479A3}
	EndGlobalSection
EndGlobal
